
Microsoft Visual Studio Solution File, Format Version 12.00
# Visual Studio Version 17
VisualStudioVersion = 17.9.34723.18
MinimumVisualStudioVersion = 10.0.40219.1
Project("{FAE04EC0-301F-11D3-BF4B-00C04F79EFBC}") = "DZ_3_Threads_MainApp", "DZ_3_Threads_MainApp\DZ_3_Threads_MainApp.csproj", "{90F10A28-031B-460F-94DF-DB8FDF1C1BB5}"
EndProject
Project("{FAE04EC0-301F-11D3-BF4B-00C04F79EFBC}") = "TestConsoleApp", "TestConsoleApp\TestConsoleApp.csproj", "{F016D5F7-CDC5-4A40-BF0D-2AEB9008B14C}"
EndProject
Global
	GlobalSection(SolutionConfigurationPlatforms) = preSolution
		Debug|Any CPU = Debug|Any CPU
		Release|Any CPU = Release|Any CPU
	EndGlobalSection
	GlobalSection(ProjectConfigurationPlatforms) = postSolution
		{90F10A28-031B-460F-94DF-DB8FDF1C1BB5}.Debug|Any CPU.ActiveCfg = Debug|Any CPU
		{90F10A28-031B-460F-94DF-DB8FDF1C1BB5}.Debug|Any CPU.Build.0 = Debug|Any CPU
		{90F10A28-031B-460F-94DF-DB8FDF1C1BB5}.Release|Any CPU.ActiveCfg = Release|Any CPU
		{90F10A28-031B-460F-94DF-DB8FDF1C1BB5}.Release|Any CPU.Build.0 = Release|Any CPU
		{F016D5F7-CDC5-4A40-BF0D-2AEB9008B14C}.Debug|Any CPU.ActiveCfg = Debug|Any CPU
		{F016D5F7-CDC5-4A40-BF0D-2AEB9008B14C}.Debug|Any CPU.Build.0 = Debug|Any CPU
		{F016D5F7-CDC5-4A40-BF0D-2AEB9008B14C}.Release|Any CPU.ActiveCfg = Release|Any CPU
		{F016D5F7-CDC5-4A40-BF0D-2AEB9008B14C}.Release|Any CPU.Build.0 = Release|Any CPU
	EndGlobalSection
	GlobalSection(SolutionProperties) = preSolution
		HideSolutionNode = FALSE
	EndGlobalSection
	GlobalSection(ExtensibilityGlobals) = postSolution
		SolutionGuid = {E10F97A3-6D02-41D4-97C1-5DC52ED734A6}
	EndGlobalSection
EndGlobal
